
Microsoft Visual Studio Solution File, Format Version 12.00
# Visual Studio Version 16
VisualStudioVersion = 16.0.29215.179
MinimumVisualStudioVersion = 10.0.40219.1
Project("{9A19103F-16F7-4668-BE54-9A1E7A4F7556}") = "DiceShell", "DiceShell\DiceShell.csproj", "{A8AF27AA-01B8-40F0-B0FA-B9579C78A3D0}"
EndProject
Project("{FAE04EC0-301F-11D3-BF4B-00C04F79EFBC}") = "DiceShellTest", "DiceShellTest\DiceShellTest.csproj", "{EC64927A-3051-41AC-A2F6-9B0DAADF6EE4}"
EndProject
Global
	GlobalSection(SolutionConfigurationPlatforms) = preSolution
		Debug|Any CPU = Debug|Any CPU
		Release|Any CPU = Release|Any CPU
	EndGlobalSection
	GlobalSection(ProjectConfigurationPlatforms) = postSolution
		{A8AF27AA-01B8-40F0-B0FA-B9579C78A3D0}.Debug|Any CPU.ActiveCfg = Debug|Any CPU
		{A8AF27AA-01B8-40F0-B0FA-B9579C78A3D0}.Debug|Any CPU.Build.0 = Debug|Any CPU
		{A8AF27AA-01B8-40F0-B0FA-B9579C78A3D0}.Release|Any CPU.ActiveCfg = Release|Any CPU
		{A8AF27AA-01B8-40F0-B0FA-B9579C78A3D0}.Release|Any CPU.Build.0 = Release|Any CPU
		{EC64927A-3051-41AC-A2F6-9B0DAADF6EE4}.Debug|Any CPU.ActiveCfg = Debug|Any CPU
		{EC64927A-3051-41AC-A2F6-9B0DAADF6EE4}.Debug|Any CPU.Build.0 = Debug|Any CPU
		{EC64927A-3051-41AC-A2F6-9B0DAADF6EE4}.Release|Any CPU.ActiveCfg = Release|Any CPU
		{EC64927A-3051-41AC-A2F6-9B0DAADF6EE4}.Release|Any CPU.Build.0 = Release|Any CPU
	EndGlobalSection
	GlobalSection(SolutionProperties) = preSolution
		HideSolutionNode = FALSE
	EndGlobalSection
	GlobalSection(ExtensibilityGlobals) = postSolution
		SolutionGuid = {3D21D261-3A55-41C5-B5A2-D3FA9A6F29D5}
	EndGlobalSection
EndGlobal
